
Microsoft Visual Studio Solution File, Format Version 12.00
# Visual Studio Version 16
VisualStudioVersion = 16.0.33130.400
MinimumVisualStudioVersion = 10.0.40219.1
Project("{FAE04EC0-301F-11D3-BF4B-00C04F79EFBC}") = "ReverseConversionScanner", "ReverseConversionScanner\ReverseConversionScanner.csproj", "{91B053AA-9398-4C0D-9CD0-AF05E4C9C85D}"
EndProject
Global
	GlobalSection(SolutionConfigurationPlatforms) = preSolution
		Debug|Any CPU = Debug|Any CPU
		Release|Any CPU = Release|Any CPU
	EndGlobalSection
	GlobalSection(ProjectConfigurationPlatforms) = postSolution
		{91B053AA-9398-4C0D-9CD0-AF05E4C9C85D}.Debug|Any CPU.ActiveCfg = Debug|Any CPU
		{91B053AA-9398-4C0D-9CD0-AF05E4C9C85D}.Debug|Any CPU.Build.0 = Debug|Any CPU
		{91B053AA-9398-4C0D-9CD0-AF05E4C9C85D}.Release|Any CPU.ActiveCfg = Release|Any CPU
		{91B053AA-9398-4C0D-9CD0-AF05E4C9C85D}.Release|Any CPU.Build.0 = Release|Any CPU
	EndGlobalSection
	GlobalSection(SolutionProperties) = preSolution
		HideSolutionNode = FALSE
	EndGlobalSection
	GlobalSection(ExtensibilityGlobals) = postSolution
		SolutionGuid = {C32E03DB-11E6-455D-989F-B481DB48DB91}
	EndGlobalSection
EndGlobal
